
Microsoft Visual Studio Solution File, Format Version 12.00
# Visual Studio 15
VisualStudioVersion = 15.0.26730.10
MinimumVisualStudioVersion = 10.0.40219.1
Project("{9A19103F-16F7-4668-BE54-9A1E7A4F7556}") = "Runner", "Runner\Runner.csproj", "{1A41EBC3-7B09-41D8-89D9-29B9DF7A6E9D}"
EndProject
Project("{9A19103F-16F7-4668-BE54-9A1E7A4F7556}") = "TDS", "TDS\TDS\TDS.csproj", "{25A4B019-9581-4B3D-95E0-8A9A99866F24}"
EndProject
Project("{9A19103F-16F7-4668-BE54-9A1E7A4F7556}") = "TDS.EndPoint", "TDS\TDS.EndPoint\TDS.EndPoint.csproj", "{7F39244F-6A9D-4BD6-8694-4BE687AE2AE5}"
EndProject
Project("{9A19103F-16F7-4668-BE54-9A1E7A4F7556}") = "TDS.Servers", "TDS\TDS.Servers\TDS.Servers.csproj", "{2CA81432-C31E-4415-8550-985134F23D08}"
EndProject
Project("{9A19103F-16F7-4668-BE54-9A1E7A4F7556}") = "Queue", "AMQP\Queue\Queue.csproj", "{B2C9AE84-510F-4CBF-AF48-2C68794CC752}"
EndProject
Project("{9A19103F-16F7-4668-BE54-9A1E7A4F7556}") = "TestApp", "Tests\TestApp\TestApp.csproj", "{F270FBC7-270F-49E6-BCD1-602D2BEB1E14}"
EndProject
Project("{9A19103F-16F7-4668-BE54-9A1E7A4F7556}") = "Runner.Tests", "Runner.Tests\Runner.Tests.csproj", "{C264EE57-2701-4033-91DB-D5865CA15ADA}"
EndProject
Global
	GlobalSection(SolutionConfigurationPlatforms) = preSolution
		Debug|Any CPU = Debug|Any CPU
		netfx-Windows_NT-Debug|Any CPU = netfx-Windows_NT-Debug|Any CPU
		netfx-Windows_NT-Release|Any CPU = netfx-Windows_NT-Release|Any CPU
		netstandard1.2-Debug|Any CPU = netstandard1.2-Debug|Any CPU
		netstandard1.2-Release|Any CPU = netstandard1.2-Release|Any CPU
		netstandard1.3-Debug|Any CPU = netstandard1.3-Debug|Any CPU
		netstandard1.3-Release|Any CPU = netstandard1.3-Release|Any CPU
		netstandard-Debug|Any CPU = netstandard-Debug|Any CPU
		netstandard-Release|Any CPU = netstandard-Release|Any CPU
		netstandard-Unix-Debug|Any CPU = netstandard-Unix-Debug|Any CPU
		netstandard-Unix-Release|Any CPU = netstandard-Unix-Release|Any CPU
		netstandard-Windows_NT-Debug|Any CPU = netstandard-Windows_NT-Debug|Any CPU
		netstandard-Windows_NT-Release|Any CPU = netstandard-Windows_NT-Release|Any CPU
		Release|Any CPU = Release|Any CPU
		uap-Windows_NT-Debug|Any CPU = uap-Windows_NT-Debug|Any CPU
		uap-Windows_NT-Release|Any CPU = uap-Windows_NT-Release|Any CPU
	EndGlobalSection
	GlobalSection(ProjectConfigurationPlatforms) = postSolution
		{1A41EBC3-7B09-41D8-89D9-29B9DF7A6E9D}.Debug|Any CPU.ActiveCfg = Debug|Any CPU
		{1A41EBC3-7B09-41D8-89D9-29B9DF7A6E9D}.Debug|Any CPU.Build.0 = Debug|Any CPU
		{1A41EBC3-7B09-41D8-89D9-29B9DF7A6E9D}.netfx-Windows_NT-Debug|Any CPU.ActiveCfg = Debug|Any CPU
		{1A41EBC3-7B09-41D8-89D9-29B9DF7A6E9D}.netfx-Windows_NT-Debug|Any CPU.Build.0 = Debug|Any CPU
		{1A41EBC3-7B09-41D8-89D9-29B9DF7A6E9D}.netfx-Windows_NT-Release|Any CPU.ActiveCfg = Release|Any CPU
		{1A41EBC3-7B09-41D8-89D9-29B9DF7A6E9D}.netfx-Windows_NT-Release|Any CPU.Build.0 = Release|Any CPU
		{1A41EBC3-7B09-41D8-89D9-29B9DF7A6E9D}.netstandard1.2-Debug|Any CPU.ActiveCfg = Debug|Any CPU
		{1A41EBC3-7B09-41D8-89D9-29B9DF7A6E9D}.netstandard1.2-Debug|Any CPU.Build.0 = Debug|Any CPU
		{1A41EBC3-7B09-41D8-89D9-29B9DF7A6E9D}.netstandard1.2-Release|Any CPU.ActiveCfg = Release|Any CPU
		{1A41EBC3-7B09-41D8-89D9-29B9DF7A6E9D}.netstandard1.2-Release|Any CPU.Build.0 = Release|Any CPU
		{1A41EBC3-7B09-41D8-89D9-29B9DF7A6E9D}.netstandard1.3-Debug|Any CPU.ActiveCfg = Debug|Any CPU
		{1A41EBC3-7B09-41D8-89D9-29B9DF7A6E9D}.netstandard1.3-Debug|Any CPU.Build.0 = Debug|Any CPU
		{1A41EBC3-7B09-41D8-89D9-29B9DF7A6E9D}.netstandard1.3-Release|Any CPU.ActiveCfg = Release|Any CPU
		{1A41EBC3-7B09-41D8-89D9-29B9DF7A6E9D}.netstandard1.3-Release|Any CPU.Build.0 = Release|Any CPU
		{1A41EBC3-7B09-41D8-89D9-29B9DF7A6E9D}.netstandard-Debug|Any CPU.ActiveCfg = Debug|Any CPU
		{1A41EBC3-7B09-41D8-89D9-29B9DF7A6E9D}.netstandard-Debug|Any CPU.Build.0 = Debug|Any CPU
		{1A41EBC3-7B09-41D8-89D9-29B9DF7A6E9D}.netstandard-Release|Any CPU.ActiveCfg = Release|Any CPU
		{1A41EBC3-7B09-41D8-89D9-29B9DF7A6E9D}.netstandard-Release|Any CPU.Build.0 = Release|Any CPU
		{1A41EBC3-7B09-41D8-89D9-29B9DF7A6E9D}.netstandard-Unix-Debug|Any CPU.ActiveCfg = Debug|Any CPU
		{1A41EBC3-7B09-41D8-89D9-29B9DF7A6E9D}.netstandard-Unix-Debug|Any CPU.Build.0 = Debug|Any CPU
		{1A41EBC3-7B09-41D8-89D9-29B9DF7A6E9D}.netstandard-Unix-Release|Any CPU.ActiveCfg = Release|Any CPU
		{1A41EBC3-7B09-41D8-89D9-29B9DF7A6E9D}.netstandard-Unix-Release|Any CPU.Build.0 = Release|Any CPU
		{1A41EBC3-7B09-41D8-89D9-29B9DF7A6E9D}.netstandard-Windows_NT-Debug|Any CPU.ActiveCfg = Debug|Any CPU
		{1A41EBC3-7B09-41D8-89D9-29B9DF7A6E9D}.netstandard-Windows_NT-Debug|Any CPU.Build.0 = Debug|Any CPU
		{1A41EBC3-7B09-41D8-89D9-29B9DF7A6E9D}.netstandard-Windows_NT-Release|Any CPU.ActiveCfg = Release|Any CPU
		{1A41EBC3-7B09-41D8-89D9-29B9DF7A6E9D}.netstandard-Windows_NT-Release|Any CPU.Build.0 = Release|Any CPU
		{1A41EBC3-7B09-41D8-89D9-29B9DF7A6E9D}.Release|Any CPU.ActiveCfg = Release|Any CPU
		{1A41EBC3-7B09-41D8-89D9-29B9DF7A6E9D}.Release|Any CPU.Build.0 = Release|Any CPU
		{1A41EBC3-7B09-41D8-89D9-29B9DF7A6E9D}.uap-Windows_NT-Debug|Any CPU.ActiveCfg = Debug|Any CPU
		{1A41EBC3-7B09-41D8-89D9-29B9DF7A6E9D}.uap-Windows_NT-Debug|Any CPU.Build.0 = Debug|Any CPU
		{1A41EBC3-7B09-41D8-89D9-29B9DF7A6E9D}.uap-Windows_NT-Release|Any CPU.ActiveCfg = Release|Any CPU
		{1A41EBC3-7B09-41D8-89D9-29B9DF7A6E9D}.uap-Windows_NT-Release|Any CPU.Build.0 = Release|Any CPU
		{25A4B019-9581-4B3D-95E0-8A9A99866F24}.Debug|Any CPU.ActiveCfg = Debug|Any CPU
		{25A4B019-9581-4B3D-95E0-8A9A99866F24}.Debug|Any CPU.Build.0 = Debug|Any CPU
		{25A4B019-9581-4B3D-95E0-8A9A99866F24}.netfx-Windows_NT-Debug|Any CPU.ActiveCfg = Debug|Any CPU
		{25A4B019-9581-4B3D-95E0-8A9A99866F24}.netfx-Windows_NT-Debug|Any CPU.Build.0 = Debug|Any CPU
		{25A4B019-9581-4B3D-95E0-8A9A99866F24}.netfx-Windows_NT-Release|Any CPU.ActiveCfg = Release|Any CPU
		{25A4B019-9581-4B3D-95E0-8A9A99866F24}.netfx-Windows_NT-Release|Any CPU.Build.0 = Release|Any CPU
		{25A4B019-9581-4B3D-95E0-8A9A99866F24}.netstandard1.2-Debug|Any CPU.ActiveCfg = Debug|Any CPU
		{25A4B019-9581-4B3D-95E0-8A9A99866F24}.netstandard1.2-Debug|Any CPU.Build.0 = Debug|Any CPU
		{25A4B019-9581-4B3D-95E0-8A9A99866F24}.netstandard1.2-Release|Any CPU.ActiveCfg = Release|Any CPU
		{25A4B019-9581-4B3D-95E0-8A9A99866F24}.netstandard1.2-Release|Any CPU.Build.0 = Release|Any CPU
		{25A4B019-9581-4B3D-95E0-8A9A99866F24}.netstandard1.3-Debug|Any CPU.ActiveCfg = Debug|Any CPU
		{25A4B019-9581-4B3D-95E0-8A9A99866F24}.netstandard1.3-Debug|Any CPU.Build.0 = Debug|Any CPU
		{25A4B019-9581-4B3D-95E0-8A9A99866F24}.netstandard1.3-Release|Any CPU.ActiveCfg = Release|Any CPU
		{25A4B019-9581-4B3D-95E0-8A9A99866F24}.netstandard1.3-Release|Any CPU.Build.0 = Release|Any CPU
		{25A4B019-9581-4B3D-95E0-8A9A99866F24}.netstandard-Debug|Any CPU.ActiveCfg = Debug|Any CPU
		{25A4B019-9581-4B3D-95E0-8A9A99866F24}.netstandard-Debug|Any CPU.Build.0 = Debug|Any CPU
		{25A4B019-9581-4B3D-95E0-8A9A99866F24}.netstandard-Release|Any CPU.ActiveCfg = Release|Any CPU
		{25A4B019-9581-4B3D-95E0-8A9A99866F24}.netstandard-Release|Any CPU.Build.0 = Release|Any CPU
		{25A4B019-9581-4B3D-95E0-8A9A99866F24}.netstandard-Unix-Debug|Any CPU.ActiveCfg = Debug|Any CPU
		{25A4B019-9581-4B3D-95E0-8A9A99866F24}.netstandard-Unix-Debug|Any CPU.Build.0 = Debug|Any CPU
		{25A4B019-9581-4B3D-95E0-8A9A99866F24}.netstandard-Unix-Release|Any CPU.ActiveCfg = Release|Any CPU
		{25A4B019-9581-4B3D-95E0-8A9A99866F24}.netstandard-Unix-Release|Any CPU.Build.0 = Release|Any CPU
		{25A4B019-9581-4B3D-95E0-8A9A99866F24}.netstandard-Windows_NT-Debug|Any CPU.ActiveCfg = Debug|Any CPU
		{25A4B019-9581-4B3D-95E0-8A9A99866F24}.netstandard-Windows_NT-Debug|Any CPU.Build.0 = Debug|Any CPU
		{25A4B019-9581-4B3D-95E0-8A9A99866F24}.netstandard-Windows_NT-Release|Any CPU.ActiveCfg = Release|Any CPU
		{25A4B019-9581-4B3D-95E0-8A9A99866F24}.netstandard-Windows_NT-Release|Any CPU.Build.0 = Release|Any CPU
		{25A4B019-9581-4B3D-95E0-8A9A99866F24}.Release|Any CPU.ActiveCfg = Release|Any CPU
		{25A4B019-9581-4B3D-95E0-8A9A99866F24}.Release|Any CPU.Build.0 = Release|Any CPU
		{25A4B019-9581-4B3D-95E0-8A9A99866F24}.uap-Windows_NT-Debug|Any CPU.ActiveCfg = Debug|Any CPU
		{25A4B019-9581-4B3D-95E0-8A9A99866F24}.uap-Windows_NT-Debug|Any CPU.Build.0 = Debug|Any CPU
		{25A4B019-9581-4B3D-95E0-8A9A99866F24}.uap-Windows_NT-Release|Any CPU.ActiveCfg = Release|Any CPU
		{25A4B019-9581-4B3D-95E0-8A9A99866F24}.uap-Windows_NT-Release|Any CPU.Build.0 = Release|Any CPU
		{7F39244F-6A9D-4BD6-8694-4BE687AE2AE5}.Debug|Any CPU.ActiveCfg = Debug|Any CPU
		{7F39244F-6A9D-4BD6-8694-4BE687AE2AE5}.Debug|Any CPU.Build.0 = Debug|Any CPU
		{7F39244F-6A9D-4BD6-8694-4BE687AE2AE5}.netfx-Windows_NT-Debug|Any CPU.ActiveCfg = Debug|Any CPU
		{7F39244F-6A9D-4BD6-8694-4BE687AE2AE5}.netfx-Windows_NT-Debug|Any CPU.Build.0 = Debug|Any CPU
		{7F39244F-6A9D-4BD6-8694-4BE687AE2AE5}.netfx-Windows_NT-Release|Any CPU.ActiveCfg = Release|Any CPU
		{7F39244F-6A9D-4BD6-8694-4BE687AE2AE5}.netfx-Windows_NT-Release|Any CPU.Build.0 = Release|Any CPU
		{7F39244F-6A9D-4BD6-8694-4BE687AE2AE5}.netstandard1.2-Debug|Any CPU.ActiveCfg = Debug|Any CPU
		{7F39244F-6A9D-4BD6-8694-4BE687AE2AE5}.netstandard1.2-Debug|Any CPU.Build.0 = Debug|Any CPU
		{7F39244F-6A9D-4BD6-8694-4BE687AE2AE5}.netstandard1.2-Release|Any CPU.ActiveCfg = Release|Any CPU
		{7F39244F-6A9D-4BD6-8694-4BE687AE2AE5}.netstandard1.2-Release|Any CPU.Build.0 = Release|Any CPU
		{7F39244F-6A9D-4BD6-8694-4BE687AE2AE5}.netstandard1.3-Debug|Any CPU.ActiveCfg = Debug|Any CPU
		{7F39244F-6A9D-4BD6-8694-4BE687AE2AE5}.netstandard1.3-Debug|Any CPU.Build.0 = Debug|Any CPU
		{7F39244F-6A9D-4BD6-8694-4BE687AE2AE5}.netstandard1.3-Release|Any CPU.ActiveCfg = Release|Any CPU
		{7F39244F-6A9D-4BD6-8694-4BE687AE2AE5}.netstandard1.3-Release|Any CPU.Build.0 = Release|Any CPU
		{7F39244F-6A9D-4BD6-8694-4BE687AE2AE5}.netstandard-Debug|Any CPU.ActiveCfg = Debug|Any CPU
		{7F39244F-6A9D-4BD6-8694-4BE687AE2AE5}.netstandard-Debug|Any CPU.Build.0 = Debug|Any CPU
		{7F39244F-6A9D-4BD6-8694-4BE687AE2AE5}.netstandard-Release|Any CPU.ActiveCfg = Release|Any CPU
		{7F39244F-6A9D-4BD6-8694-4BE687AE2AE5}.netstandard-Release|Any CPU.Build.0 = Release|Any CPU
		{7F39244F-6A9D-4BD6-8694-4BE687AE2AE5}.netstandard-Unix-Debug|Any CPU.ActiveCfg = Debug|Any CPU
		{7F39244F-6A9D-4BD6-8694-4BE687AE2AE5}.netstandard-Unix-Debug|Any CPU.Build.0 = Debug|Any CPU
		{7F39244F-6A9D-4BD6-8694-4BE687AE2AE5}.netstandard-Unix-Release|Any CPU.ActiveCfg = Release|Any CPU
		{7F39244F-6A9D-4BD6-8694-4BE687AE2AE5}.netstandard-Unix-Release|Any CPU.Build.0 = Release|Any CPU
		{7F39244F-6A9D-4BD6-8694-4BE687AE2AE5}.netstandard-Windows_NT-Debug|Any CPU.ActiveCfg = Debug|Any CPU
		{7F39244F-6A9D-4BD6-8694-4BE687AE2AE5}.netstandard-Windows_NT-Debug|Any CPU.Build.0 = Debug|Any CPU
		{7F39244F-6A9D-4BD6-8694-4BE687AE2AE5}.netstandard-Windows_NT-Release|Any CPU.ActiveCfg = Release|Any CPU
		{7F39244F-6A9D-4BD6-8694-4BE687AE2AE5}.netstandard-Windows_NT-Release|Any CPU.Build.0 = Release|Any CPU
		{7F39244F-6A9D-4BD6-8694-4BE687AE2AE5}.Release|Any CPU.ActiveCfg = Release|Any CPU
		{7F39244F-6A9D-4BD6-8694-4BE687AE2AE5}.Release|Any CPU.Build.0 = Release|Any CPU
		{7F39244F-6A9D-4BD6-8694-4BE687AE2AE5}.uap-Windows_NT-Debug|Any CPU.ActiveCfg = Debug|Any CPU
		{7F39244F-6A9D-4BD6-8694-4BE687AE2AE5}.uap-Windows_NT-Debug|Any CPU.Build.0 = Debug|Any CPU
		{7F39244F-6A9D-4BD6-8694-4BE687AE2AE5}.uap-Windows_NT-Release|Any CPU.ActiveCfg = Release|Any CPU
		{7F39244F-6A9D-4BD6-8694-4BE687AE2AE5}.uap-Windows_NT-Release|Any CPU.Build.0 = Release|Any CPU
		{2CA81432-C31E-4415-8550-985134F23D08}.Debug|Any CPU.ActiveCfg = Debug|Any CPU
		{2CA81432-C31E-4415-8550-985134F23D08}.Debug|Any CPU.Build.0 = Debug|Any CPU
		{2CA81432-C31E-4415-8550-985134F23D08}.netfx-Windows_NT-Debug|Any CPU.ActiveCfg = Debug|Any CPU
		{2CA81432-C31E-4415-8550-985134F23D08}.netfx-Windows_NT-Debug|Any CPU.Build.0 = Debug|Any CPU
		{2CA81432-C31E-4415-8550-985134F23D08}.netfx-Windows_NT-Release|Any CPU.ActiveCfg = Release|Any CPU
		{2CA81432-C31E-4415-8550-985134F23D08}.netfx-Windows_NT-Release|Any CPU.Build.0 = Release|Any CPU
		{2CA81432-C31E-4415-8550-985134F23D08}.netstandard1.2-Debug|Any CPU.ActiveCfg = Debug|Any CPU
		{2CA81432-C31E-4415-8550-985134F23D08}.netstandard1.2-Debug|Any CPU.Build.0 = Debug|Any CPU
		{2CA81432-C31E-4415-8550-985134F23D08}.netstandard1.2-Release|Any CPU.ActiveCfg = Release|Any CPU
		{2CA81432-C31E-4415-8550-985134F23D08}.netstandard1.2-Release|Any CPU.Build.0 = Release|Any CPU
		{2CA81432-C31E-4415-8550-985134F23D08}.netstandard1.3-Debug|Any CPU.ActiveCfg = Debug|Any CPU
		{2CA81432-C31E-4415-8550-985134F23D08}.netstandard1.3-Debug|Any CPU.Build.0 = Debug|Any CPU
		{2CA81432-C31E-4415-8550-985134F23D08}.netstandard1.3-Release|Any CPU.ActiveCfg = Release|Any CPU
		{2CA81432-C31E-4415-8550-985134F23D08}.netstandard1.3-Release|Any CPU.Build.0 = Release|Any CPU
		{2CA81432-C31E-4415-8550-985134F23D08}.netstandard-Debug|Any CPU.ActiveCfg = Debug|Any CPU
		{2CA81432-C31E-4415-8550-985134F23D08}.netstandard-Debug|Any CPU.Build.0 = Debug|Any CPU
		{2CA81432-C31E-4415-8550-985134F23D08}.netstandard-Release|Any CPU.ActiveCfg = Release|Any CPU
		{2CA81432-C31E-4415-8550-985134F23D08}.netstandard-Release|Any CPU.Build.0 = Release|Any CPU
		{2CA81432-C31E-4415-8550-985134F23D08}.netstandard-Unix-Debug|Any CPU.ActiveCfg = Debug|Any CPU
		{2CA81432-C31E-4415-8550-985134F23D08}.netstandard-Unix-Debug|Any CPU.Build.0 = Debug|Any CPU
		{2CA81432-C31E-4415-8550-985134F23D08}.netstandard-Unix-Release|Any CPU.ActiveCfg = Release|Any CPU
		{2CA81432-C31E-4415-8550-985134F23D08}.netstandard-Unix-Release|Any CPU.Build.0 = Release|Any CPU
		{2CA81432-C31E-4415-8550-985134F23D08}.netstandard-Windows_NT-Debug|Any CPU.ActiveCfg = Debug|Any CPU
		{2CA81432-C31E-4415-8550-985134F23D08}.netstandard-Windows_NT-Debug|Any CPU.Build.0 = Debug|Any CPU
		{2CA81432-C31E-4415-8550-985134F23D08}.netstandard-Windows_NT-Release|Any CPU.ActiveCfg = Release|Any CPU
		{2CA81432-C31E-4415-8550-985134F23D08}.netstandard-Windows_NT-Release|Any CPU.Build.0 = Release|Any CPU
		{2CA81432-C31E-4415-8550-985134F23D08}.Release|Any CPU.ActiveCfg = Release|Any CPU
		{2CA81432-C31E-4415-8550-985134F23D08}.Release|Any CPU.Build.0 = Release|Any CPU
		{2CA81432-C31E-4415-8550-985134F23D08}.uap-Windows_NT-Debug|Any CPU.ActiveCfg = Debug|Any CPU
		{2CA81432-C31E-4415-8550-985134F23D08}.uap-Windows_NT-Debug|Any CPU.Build.0 = Debug|Any CPU
		{2CA81432-C31E-4415-8550-985134F23D08}.uap-Windows_NT-Release|Any CPU.ActiveCfg = Release|Any CPU
		{2CA81432-C31E-4415-8550-985134F23D08}.uap-Windows_NT-Release|Any CPU.Build.0 = Release|Any CPU
		{B2C9AE84-510F-4CBF-AF48-2C68794CC752}.Debug|Any CPU.ActiveCfg = Debug|Any CPU
		{B2C9AE84-510F-4CBF-AF48-2C68794CC752}.Debug|Any CPU.Build.0 = Debug|Any CPU
		{B2C9AE84-510F-4CBF-AF48-2C68794CC752}.netfx-Windows_NT-Debug|Any CPU.ActiveCfg = Debug|Any CPU
		{B2C9AE84-510F-4CBF-AF48-2C68794CC752}.netfx-Windows_NT-Debug|Any CPU.Build.0 = Debug|Any CPU
		{B2C9AE84-510F-4CBF-AF48-2C68794CC752}.netfx-Windows_NT-Release|Any CPU.ActiveCfg = Release|Any CPU
		{B2C9AE84-510F-4CBF-AF48-2C68794CC752}.netfx-Windows_NT-Release|Any CPU.Build.0 = Release|Any CPU
		{B2C9AE84-510F-4CBF-AF48-2C68794CC752}.netstandard1.2-Debug|Any CPU.ActiveCfg = Debug|Any CPU
		{B2C9AE84-510F-4CBF-AF48-2C68794CC752}.netstandard1.2-Debug|Any CPU.Build.0 = Debug|Any CPU
		{B2C9AE84-510F-4CBF-AF48-2C68794CC752}.netstandard1.2-Release|Any CPU.ActiveCfg = Release|Any CPU
		{B2C9AE84-510F-4CBF-AF48-2C68794CC752}.netstandard1.2-Release|Any CPU.Build.0 = Release|Any CPU
		{B2C9AE84-510F-4CBF-AF48-2C68794CC752}.netstandard1.3-Debug|Any CPU.ActiveCfg = Debug|Any CPU
		{B2C9AE84-510F-4CBF-AF48-2C68794CC752}.netstandard1.3-Debug|Any CPU.Build.0 = Debug|Any CPU
		{B2C9AE84-510F-4CBF-AF48-2C68794CC752}.netstandard1.3-Release|Any CPU.ActiveCfg = Release|Any CPU
		{B2C9AE84-510F-4CBF-AF48-2C68794CC752}.netstandard1.3-Release|Any CPU.Build.0 = Release|Any CPU
		{B2C9AE84-510F-4CBF-AF48-2C68794CC752}.netstandard-Debug|Any CPU.ActiveCfg = Debug|Any CPU
		{B2C9AE84-510F-4CBF-AF48-2C68794CC752}.netstandard-Debug|Any CPU.Build.0 = Debug|Any CPU
		{B2C9AE84-510F-4CBF-AF48-2C68794CC752}.netstandard-Release|Any CPU.ActiveCfg = Release|Any CPU
		{B2C9AE84-510F-4CBF-AF48-2C68794CC752}.netstandard-Release|Any CPU.Build.0 = Release|Any CPU
		{B2C9AE84-510F-4CBF-AF48-2C68794CC752}.netstandard-Unix-Debug|Any CPU.ActiveCfg = Debug|Any CPU
		{B2C9AE84-510F-4CBF-AF48-2C68794CC752}.netstandard-Unix-Debug|Any CPU.Build.0 = Debug|Any CPU
		{B2C9AE84-510F-4CBF-AF48-2C68794CC752}.netstandard-Unix-Release|Any CPU.ActiveCfg = Release|Any CPU
		{B2C9AE84-510F-4CBF-AF48-2C68794CC752}.netstandard-Unix-Release|Any CPU.Build.0 = Release|Any CPU
		{B2C9AE84-510F-4CBF-AF48-2C68794CC752}.netstandard-Windows_NT-Debug|Any CPU.ActiveCfg = Debug|Any CPU
		{B2C9AE84-510F-4CBF-AF48-2C68794CC752}.netstandard-Windows_NT-Debug|Any CPU.Build.0 = Debug|Any CPU
		{B2C9AE84-510F-4CBF-AF48-2C68794CC752}.netstandard-Windows_NT-Release|Any CPU.ActiveCfg = Release|Any CPU
		{B2C9AE84-510F-4CBF-AF48-2C68794CC752}.netstandard-Windows_NT-Release|Any CPU.Build.0 = Release|Any CPU
		{B2C9AE84-510F-4CBF-AF48-2C68794CC752}.Release|Any CPU.ActiveCfg = Release|Any CPU
		{B2C9AE84-510F-4CBF-AF48-2C68794CC752}.Release|Any CPU.Build.0 = Release|Any CPU
		{B2C9AE84-510F-4CBF-AF48-2C68794CC752}.uap-Windows_NT-Debug|Any CPU.ActiveCfg = Debug|Any CPU
		{B2C9AE84-510F-4CBF-AF48-2C68794CC752}.uap-Windows_NT-Debug|Any CPU.Build.0 = Debug|Any CPU
		{B2C9AE84-510F-4CBF-AF48-2C68794CC752}.uap-Windows_NT-Release|Any CPU.ActiveCfg = Release|Any CPU
		{B2C9AE84-510F-4CBF-AF48-2C68794CC752}.uap-Windows_NT-Release|Any CPU.Build.0 = Release|Any CPU
		{F270FBC7-270F-49E6-BCD1-602D2BEB1E14}.Debug|Any CPU.ActiveCfg = Debug|Any CPU
		{F270FBC7-270F-49E6-BCD1-602D2BEB1E14}.Debug|Any CPU.Build.0 = Debug|Any CPU
		{F270FBC7-270F-49E6-BCD1-602D2BEB1E14}.netfx-Windows_NT-Debug|Any CPU.ActiveCfg = Debug|Any CPU
		{F270FBC7-270F-49E6-BCD1-602D2BEB1E14}.netfx-Windows_NT-Debug|Any CPU.Build.0 = Debug|Any CPU
		{F270FBC7-270F-49E6-BCD1-602D2BEB1E14}.netfx-Windows_NT-Release|Any CPU.ActiveCfg = Release|Any CPU
		{F270FBC7-270F-49E6-BCD1-602D2BEB1E14}.netfx-Windows_NT-Release|Any CPU.Build.0 = Release|Any CPU
		{F270FBC7-270F-49E6-BCD1-602D2BEB1E14}.netstandard1.2-Debug|Any CPU.ActiveCfg = Debug|Any CPU
		{F270FBC7-270F-49E6-BCD1-602D2BEB1E14}.netstandard1.2-Debug|Any CPU.Build.0 = Debug|Any CPU
		{F270FBC7-270F-49E6-BCD1-602D2BEB1E14}.netstandard1.2-Release|Any CPU.ActiveCfg = Release|Any CPU
		{F270FBC7-270F-49E6-BCD1-602D2BEB1E14}.netstandard1.2-Release|Any CPU.Build.0 = Release|Any CPU
		{F270FBC7-270F-49E6-BCD1-602D2BEB1E14}.netstandard1.3-Debug|Any CPU.ActiveCfg = Debug|Any CPU
		{F270FBC7-270F-49E6-BCD1-602D2BEB1E14}.netstandard1.3-Debug|Any CPU.Build.0 = Debug|Any CPU
		{F270FBC7-270F-49E6-BCD1-602D2BEB1E14}.netstandard1.3-Release|Any CPU.ActiveCfg = Release|Any CPU
		{F270FBC7-270F-49E6-BCD1-602D2BEB1E14}.netstandard1.3-Release|Any CPU.Build.0 = Release|Any CPU
		{F270FBC7-270F-49E6-BCD1-602D2BEB1E14}.netstandard-Debug|Any CPU.ActiveCfg = Debug|Any CPU
		{F270FBC7-270F-49E6-BCD1-602D2BEB1E14}.netstandard-Debug|Any CPU.Build.0 = Debug|Any CPU
		{F270FBC7-270F-49E6-BCD1-602D2BEB1E14}.netstandard-Release|Any CPU.ActiveCfg = Release|Any CPU
		{F270FBC7-270F-49E6-BCD1-602D2BEB1E14}.netstandard-Release|Any CPU.Build.0 = Release|Any CPU
		{F270FBC7-270F-49E6-BCD1-602D2BEB1E14}.netstandard-Unix-Debug|Any CPU.ActiveCfg = Debug|Any CPU
		{F270FBC7-270F-49E6-BCD1-602D2BEB1E14}.netstandard-Unix-Debug|Any CPU.Build.0 = Debug|Any CPU
		{F270FBC7-270F-49E6-BCD1-602D2BEB1E14}.netstandard-Unix-Release|Any CPU.ActiveCfg = Release|Any CPU
		{F270FBC7-270F-49E6-BCD1-602D2BEB1E14}.netstandard-Unix-Release|Any CPU.Build.0 = Release|Any CPU
		{F270FBC7-270F-49E6-BCD1-602D2BEB1E14}.netstandard-Windows_NT-Debug|Any CPU.ActiveCfg = Debug|Any CPU
		{F270FBC7-270F-49E6-BCD1-602D2BEB1E14}.netstandard-Windows_NT-Debug|Any CPU.Build.0 = Debug|Any CPU
		{F270FBC7-270F-49E6-BCD1-602D2BEB1E14}.netstandard-Windows_NT-Release|Any CPU.ActiveCfg = Release|Any CPU
		{F270FBC7-270F-49E6-BCD1-602D2BEB1E14}.netstandard-Windows_NT-Release|Any CPU.Build.0 = Release|Any CPU
		{F270FBC7-270F-49E6-BCD1-602D2BEB1E14}.Release|Any CPU.ActiveCfg = Release|Any CPU
		{F270FBC7-270F-49E6-BCD1-602D2BEB1E14}.Release|Any CPU.Build.0 = Release|Any CPU
		{F270FBC7-270F-49E6-BCD1-602D2BEB1E14}.uap-Windows_NT-Debug|Any CPU.ActiveCfg = Debug|Any CPU
		{F270FBC7-270F-49E6-BCD1-602D2BEB1E14}.uap-Windows_NT-Debug|Any CPU.Build.0 = Debug|Any CPU
		{F270FBC7-270F-49E6-BCD1-602D2BEB1E14}.uap-Windows_NT-Release|Any CPU.ActiveCfg = Release|Any CPU
		{F270FBC7-270F-49E6-BCD1-602D2BEB1E14}.uap-Windows_NT-Release|Any CPU.Build.0 = Release|Any CPU
		{C264EE57-2701-4033-91DB-D5865CA15ADA}.Debug|Any CPU.ActiveCfg = Debug|Any CPU
		{C264EE57-2701-4033-91DB-D5865CA15ADA}.Debug|Any CPU.Build.0 = Debug|Any CPU
		{C264EE57-2701-4033-91DB-D5865CA15ADA}.netfx-Windows_NT-Debug|Any CPU.ActiveCfg = Debug|Any CPU
		{C264EE57-2701-4033-91DB-D5865CA15ADA}.netfx-Windows_NT-Debug|Any CPU.Build.0 = Debug|Any CPU
		{C264EE57-2701-4033-91DB-D5865CA15ADA}.netfx-Windows_NT-Release|Any CPU.ActiveCfg = Release|Any CPU
		{C264EE57-2701-4033-91DB-D5865CA15ADA}.netfx-Windows_NT-Release|Any CPU.Build.0 = Release|Any CPU
		{C264EE57-2701-4033-91DB-D5865CA15ADA}.netstandard1.2-Debug|Any CPU.ActiveCfg = Debug|Any CPU
		{C264EE57-2701-4033-91DB-D5865CA15ADA}.netstandard1.2-Debug|Any CPU.Build.0 = Debug|Any CPU
		{C264EE57-2701-4033-91DB-D5865CA15ADA}.netstandard1.2-Release|Any CPU.ActiveCfg = Release|Any CPU
		{C264EE57-2701-4033-91DB-D5865CA15ADA}.netstandard1.2-Release|Any CPU.Build.0 = Release|Any CPU
		{C264EE57-2701-4033-91DB-D5865CA15ADA}.netstandard1.3-Debug|Any CPU.ActiveCfg = Debug|Any CPU
		{C264EE57-2701-4033-91DB-D5865CA15ADA}.netstandard1.3-Debug|Any CPU.Build.0 = Debug|Any CPU
		{C264EE57-2701-4033-91DB-D5865CA15ADA}.netstandard1.3-Release|Any CPU.ActiveCfg = Release|Any CPU
		{C264EE57-2701-4033-91DB-D5865CA15ADA}.netstandard1.3-Release|Any CPU.Build.0 = Release|Any CPU
		{C264EE57-2701-4033-91DB-D5865CA15ADA}.netstandard-Debug|Any CPU.ActiveCfg = Debug|Any CPU
		{C264EE57-2701-4033-91DB-D5865CA15ADA}.netstandard-Debug|Any CPU.Build.0 = Debug|Any CPU
		{C264EE57-2701-4033-91DB-D5865CA15ADA}.netstandard-Release|Any CPU.ActiveCfg = Release|Any CPU
		{C264EE57-2701-4033-91DB-D5865CA15ADA}.netstandard-Release|Any CPU.Build.0 = Release|Any CPU
		{C264EE57-2701-4033-91DB-D5865CA15ADA}.netstandard-Unix-Debug|Any CPU.ActiveCfg = Debug|Any CPU
		{C264EE57-2701-4033-91DB-D5865CA15ADA}.netstandard-Unix-Debug|Any CPU.Build.0 = Debug|Any CPU
		{C264EE57-2701-4033-91DB-D5865CA15ADA}.netstandard-Unix-Release|Any CPU.ActiveCfg = Release|Any CPU
		{C264EE57-2701-4033-91DB-D5865CA15ADA}.netstandard-Unix-Release|Any CPU.Build.0 = Release|Any CPU
		{C264EE57-2701-4033-91DB-D5865CA15ADA}.netstandard-Windows_NT-Debug|Any CPU.ActiveCfg = Debug|Any CPU
		{C264EE57-2701-4033-91DB-D5865CA15ADA}.netstandard-Windows_NT-Debug|Any CPU.Build.0 = Debug|Any CPU
		{C264EE57-2701-4033-91DB-D5865CA15ADA}.netstandard-Windows_NT-Release|Any CPU.ActiveCfg = Release|Any CPU
		{C264EE57-2701-4033-91DB-D5865CA15ADA}.netstandard-Windows_NT-Release|Any CPU.Build.0 = Release|Any CPU
		{C264EE57-2701-4033-91DB-D5865CA15ADA}.Release|Any CPU.ActiveCfg = Release|Any CPU
		{C264EE57-2701-4033-91DB-D5865CA15ADA}.Release|Any CPU.Build.0 = Release|Any CPU
		{C264EE57-2701-4033-91DB-D5865CA15ADA}.uap-Windows_NT-Debug|Any CPU.ActiveCfg = Debug|Any CPU
		{C264EE57-2701-4033-91DB-D5865CA15ADA}.uap-Windows_NT-Debug|Any CPU.Build.0 = Debug|Any CPU
		{C264EE57-2701-4033-91DB-D5865CA15ADA}.uap-Windows_NT-Release|Any CPU.ActiveCfg = Release|Any CPU
		{C264EE57-2701-4033-91DB-D5865CA15ADA}.uap-Windows_NT-Release|Any CPU.Build.0 = Release|Any CPU
	EndGlobalSection
	GlobalSection(SolutionProperties) = preSolution
		HideSolutionNode = FALSE
	EndGlobalSection
	GlobalSection(ExtensibilityGlobals) = postSolution
		SolutionGuid = {891F161D-3120-4604-8EF1-717D2457D183}
	EndGlobalSection
EndGlobal
